# THIS IS AN AUTOGENERATED FILE. DO NOT EDIT THIS FILE DIRECTLY.
# yarn lockfile v1


bootstrap-material-design@0.5.10:
  version "0.5.10"
  resolved "https://registry.yarnpkg.com/bootstrap-material-design/-/bootstrap-material-design-0.5.10.tgz#b36b0035b528a821c1758695b25d25e25e121372"
  dependencies:
    bootstrap ">=3.0"
    jquery ">=1.9.1"

bootstrap@>=3.0, bootstrap@^3.3.7:
  version "3.3.7"
  resolved "https://registry.yarnpkg.com/bootstrap/-/bootstrap-3.3.7.tgz#5a389394549f23330875a3b150656574f8a9eb71"

fullcalendar-scheduler@1.5.0:
  version "1.5.0"
  resolved "https://registry.yarnpkg.com/fullcalendar-scheduler/-/fullcalendar-scheduler-1.5.0.tgz#0ded494306170a65a97c1062bab63f9665eb4c58"
  dependencies:
    fullcalendar "~3.1.0"
    jquery ">=2.0.0"
    moment ">=2.9.0"

fullcalendar@3.1.0, fullcalendar@~3.1.0:
  version "3.1.0"
  resolved "https://registry.yarnpkg.com/fullcalendar/-/fullcalendar-3.1.0.tgz#c81286ce00876294b2d3dba2d811ee33a8843917"
  dependencies:
    jquery ">=2.0.0"
    moment ">=2.9.0"

jquery-countdown@^2.2.0:
  version "2.2.0"
  resolved "https://registry.yarnpkg.com/jquery-countdown/-/jquery-countdown-2.2.0.tgz#ba78ed5d7cf107b3b1cac9c6ba07997d4aa2dcef"

jquery@>=1.9.1, jquery@>=2.0.0, jquery@^3.2.1:
  version "3.2.1"
  resolved "https://registry.yarnpkg.com/jquery/-/jquery-3.2.1.tgz#5c4d9de652af6cd0a770154a631bba12b015c787"

moment@>=2.9.0, moment@^2.20.1:
  version "2.20.1"
  resolved "https://registry.yarnpkg.com/moment/-/moment-2.20.1.tgz#d6eb1a46cbcc14a2b2f9434112c1ff8907f313fd"

turbolinks@^5.1.1:
  version "5.1.1"
  resolved "https://registry.yarnpkg.com/turbolinks/-/turbolinks-5.1.1.tgz#3d418a2d8172edbde5e787bf74cb7bef151ae43f"
